// !$*UTF8*$!
{
	archiveVersion = 1;
	classes = {
	};
	objectVersion = 46;
	objects = {

/* Begin PBXBuildFile section */
		B92B09E51BE3612300C250D9 /* libcurl.4.tbd in Frameworks */ = {isa = PBXBuildFile; fileRef = B92B09E41BE3612300C250D9 /* libcurl.4.tbd */; };
		B98256BE1A0BBADA00FEDB94 /* VarClassifier.cpp in Sources */ = {isa = PBXBuildFile; fileRef = B98256BC1A0BBADA00FEDB94 /* VarClassifier.cpp */; };
		B98256C31A0CF07800FEDB94 /* OpticalFlow.cpp in Sources */ = {isa = PBXBuildFile; fileRef = B98256C01A0CF07800FEDB94 /* OpticalFlow.cpp */; };
		B98256C41A0CF07800FEDB94 /* MedianFlow.cpp in Sources */ = {isa = PBXBuildFile; fileRef = B98256C21A0CF07800FEDB94 /* MedianFlow.cpp */; };
		B98256CC1A0CF18100FEDB94 /* TLD.cpp in Sources */ = {isa = PBXBuildFile; fileRef = B98256CA1A0CF18100FEDB94 /* TLD.cpp */; };
		B98256CF1A0CF19E00FEDB94 /* Learner.cpp in Sources */ = {isa = PBXBuildFile; fileRef = B98256CD1A0CF19E00FEDB94 /* Learner.cpp */; };
		B98AEAED1A08B8CA006F7A7A /* VideoController.cpp in Sources */ = {isa = PBXBuildFile; fileRef = B98AEAE91A08B8CA006F7A7A /* VideoController.cpp */; };
		B98AEAEE1A08B8CA006F7A7A /* ViewController.cpp in Sources */ = {isa = PBXBuildFile; fileRef = B98AEAEB1A08B8CA006F7A7A /* ViewController.cpp */; };
		B98AEAF11A08E514006F7A7A /* NNClassifier.cpp in Sources */ = {isa = PBXBuildFile; fileRef = B98AEAEF1A08E514006F7A7A /* NNClassifier.cpp */; };
		B98AEAF41A0A02C3006F7A7A /* Detector.cpp in Sources */ = {isa = PBXBuildFile; fileRef = B98AEAF21A0A02C3006F7A7A /* Detector.cpp */; };
		B9E510841A088B950069B795 /* main.cpp in Sources */ = {isa = PBXBuildFile; fileRef = B9E510831A088B950069B795 /* main.cpp */; };
		B9E5108C1A088FE10069B795 /* RandomFernsClassifier.cpp in Sources */ = {isa = PBXBuildFile; fileRef = B9E5108A1A088FE10069B795 /* RandomFernsClassifier.cpp */; };
		B9E5109F1A0891660069B795 /* libopencv_calib3d.2.4.9.dylib in Frameworks */ = {isa = PBXBuildFile; fileRef = B9E5108D1A0891660069B795 /* libopencv_calib3d.2.4.9.dylib */; };
		B9E510A01A0891660069B795 /* libopencv_contrib.2.4.9.dylib in Frameworks */ = {isa = PBXBuildFile; fileRef = B9E5108E1A0891660069B795 /* libopencv_contrib.2.4.9.dylib */; };
		B9E510A11A0891660069B795 /* libopencv_core.2.4.9.dylib in Frameworks */ = {isa = PBXBuildFile; fileRef = B9E5108F1A0891660069B795 /* libopencv_core.2.4.9.dylib */; };
		B9E510A21A0891660069B795 /* libopencv_features2d.2.4.9.dylib in Frameworks */ = {isa = PBXBuildFile; fileRef = B9E510901A0891660069B795 /* libopencv_features2d.2.4.9.dylib */; };
		B9E510A31A0891660069B795 /* libopencv_flann.2.4.9.dylib in Frameworks */ = {isa = PBXBuildFile; fileRef = B9E510911A0891660069B795 /* libopencv_flann.2.4.9.dylib */; };
		B9E510A41A0891660069B795 /* libopencv_gpu.2.4.9.dylib in Frameworks */ = {isa = PBXBuildFile; fileRef = B9E510921A0891660069B795 /* libopencv_gpu.2.4.9.dylib */; };
		B9E510A51A0891660069B795 /* libopencv_highgui.2.4.9.dylib in Frameworks */ = {isa = PBXBuildFile; fileRef = B9E510931A0891660069B795 /* libopencv_highgui.2.4.9.dylib */; };
		B9E510A61A0891660069B795 /* libopencv_imgproc.2.4.9.dylib in Frameworks */ = {isa = PBXBuildFile; fileRef = B9E510941A0891660069B795 /* libopencv_imgproc.2.4.9.dylib */; };
		B9E510A71A0891660069B795 /* libopencv_legacy.2.4.9.dylib in Frameworks */ = {isa = PBXBuildFile; fileRef = B9E510951A0891660069B795 /* libopencv_legacy.2.4.9.dylib */; };
		B9E510A81A0891660069B795 /* libopencv_ml.2.4.9.dylib in Frameworks */ = {isa = PBXBuildFile; fileRef = B9E510961A0891660069B795 /* libopencv_ml.2.4.9.dylib */; };
		B9E510A91A0891660069B795 /* libopencv_nonfree.2.4.9.dylib in Frameworks */ = {isa = PBXBuildFile; fileRef = B9E510971A0891660069B795 /* libopencv_nonfree.2.4.9.dylib */; };
		B9E510AA1A0891660069B795 /* libopencv_objdetect.2.4.9.dylib in Frameworks */ = {isa = PBXBuildFile; fileRef = B9E510981A0891660069B795 /* libopencv_objdetect.2.4.9.dylib */; };
		B9E510AB1A0891660069B795 /* libopencv_ocl.2.4.9.dylib in Frameworks */ = {isa = PBXBuildFile; fileRef = B9E510991A0891660069B795 /* libopencv_ocl.2.4.9.dylib */; };
		B9E510AC1A0891660069B795 /* libopencv_photo.2.4.9.dylib in Frameworks */ = {isa = PBXBuildFile; fileRef = B9E5109A1A0891660069B795 /* libopencv_photo.2.4.9.dylib */; };
		B9E510AD1A0891660069B795 /* libopencv_stitching.2.4.9.dylib in Frameworks */ = {isa = PBXBuildFile; fileRef = B9E5109B1A0891660069B795 /* libopencv_stitching.2.4.9.dylib */; };
		B9E510AE1A0891660069B795 /* libopencv_superres.2.4.9.dylib in Frameworks */ = {isa = PBXBuildFile; fileRef = B9E5109C1A0891660069B795 /* libopencv_superres.2.4.9.dylib */; };
		B9E510AF1A0891660069B795 /* libopencv_video.2.4.9.dylib in Frameworks */ = {isa = PBXBuildFile; fileRef = B9E5109D1A0891660069B795 /* libopencv_video.2.4.9.dylib */; };
		B9E510B01A0891660069B795 /* libopencv_videostab.2.4.9.dylib in Frameworks */ = {isa = PBXBuildFile; fileRef = B9E5109E1A0891660069B795 /* libopencv_videostab.2.4.9.dylib */; };
/* End PBXBuildFile section */

/* Begin PBXCopyFilesBuildPhase section */
		B9E5107E1A088B950069B795 /* CopyFiles */ = {
			isa = PBXCopyFilesBuildPhase;
			buildActionMask = 2147483647;
			dstPath = /usr/share/man/man1/;
			dstSubfolderSpec = 0;
			files = (
			);
			runOnlyForDeploymentPostprocessing = 1;
		};
/* End PBXCopyFilesBuildPhase section */

/* Begin PBXFileReference section */
		B9032B3C1BA988F500708BD9 /* json.hpp */ = {isa = PBXFileReference; fileEncoding = 4; lastKnownFileType = sourcecode.cpp.h; name = json.hpp; path = TLD/include/json.hpp; sourceTree = "<group>"; };
		B9032B3F1BA992D700708BD9 /* NetworkHandler.hpp */ = {isa = PBXFileReference; lastKnownFileType = sourcecode.cpp.h; path = NetworkHandler.hpp; sourceTree = "<group>"; };
		B92B09E41BE3612300C250D9 /* libcurl.4.tbd */ = {isa = PBXFileReference; lastKnownFileType = "sourcecode.text-based-dylib-definition"; name = libcurl.4.tbd; path = usr/lib/libcurl.4.tbd; sourceTree = SDKROOT; };
		B98256BC1A0BBADA00FEDB94 /* VarClassifier.cpp */ = {isa = PBXFileReference; fileEncoding = 4; lastKnownFileType = sourcecode.cpp.cpp; path = VarClassifier.cpp; sourceTree = "<group>"; };
		B98256BD1A0BBADA00FEDB94 /* VarClassifier.h */ = {isa = PBXFileReference; fileEncoding = 4; lastKnownFileType = sourcecode.c.h; path = VarClassifier.h; sourceTree = "<group>"; };
		B98256BF1A0CF07800FEDB94 /* OpticalFlow.h */ = {isa = PBXFileReference; fileEncoding = 4; lastKnownFileType = sourcecode.c.h; name = OpticalFlow.h; path = MedianFlow/MedianFlow/OpticalFlow.h; sourceTree = SOURCE_ROOT; };
		B98256C01A0CF07800FEDB94 /* OpticalFlow.cpp */ = {isa = PBXFileReference; fileEncoding = 4; lastKnownFileType = sourcecode.cpp.cpp; name = OpticalFlow.cpp; path = MedianFlow/MedianFlow/OpticalFlow.cpp; sourceTree = SOURCE_ROOT; };
		B98256C11A0CF07800FEDB94 /* MedianFlow.h */ = {isa = PBXFileReference; fileEncoding = 4; lastKnownFileType = sourcecode.c.h; name = MedianFlow.h; path = MedianFlow/MedianFlow/MedianFlow.h; sourceTree = SOURCE_ROOT; };
		B98256C21A0CF07800FEDB94 /* MedianFlow.cpp */ = {isa = PBXFileReference; fileEncoding = 4; lastKnownFileType = sourcecode.cpp.cpp; name = MedianFlow.cpp; path = MedianFlow/MedianFlow/MedianFlow.cpp; sourceTree = SOURCE_ROOT; };
		B98256CA1A0CF18100FEDB94 /* TLD.cpp */ = {isa = PBXFileReference; fileEncoding = 4; lastKnownFileType = sourcecode.cpp.cpp; path = TLD.cpp; sourceTree = "<group>"; };
		B98256CB1A0CF18100FEDB94 /* TLD.h */ = {isa = PBXFileReference; fileEncoding = 4; lastKnownFileType = sourcecode.c.h; path = TLD.h; sourceTree = "<group>"; };
		B98256CD1A0CF19E00FEDB94 /* Learner.cpp */ = {isa = PBXFileReference; fileEncoding = 4; lastKnownFileType = sourcecode.cpp.cpp; path = Learner.cpp; sourceTree = "<group>"; };
		B98256CE1A0CF19E00FEDB94 /* Learner.h */ = {isa = PBXFileReference; fileEncoding = 4; lastKnownFileType = sourcecode.c.h; path = Learner.h; sourceTree = "<group>"; };
		B98256D91A0E1B7100FEDB94 /* TLDSystemStruct.h */ = {isa = PBXFileReference; fileEncoding = 4; lastKnownFileType = sourcecode.c.h; path = TLDSystemStruct.h; sourceTree = "<group>"; };
		B98AEAE91A08B8CA006F7A7A /* VideoController.cpp */ = {isa = PBXFileReference; fileEncoding = 4; lastKnownFileType = sourcecode.cpp.cpp; path = VideoController.cpp; sourceTree = "<group>"; };
		B98AEAEA1A08B8CA006F7A7A /* VideoController.h */ = {isa = PBXFileReference; fileEncoding = 4; lastKnownFileType = sourcecode.c.h; path = VideoController.h; sourceTree = "<group>"; };
		B98AEAEB1A08B8CA006F7A7A /* ViewController.cpp */ = {isa = PBXFileReference; fileEncoding = 4; lastKnownFileType = sourcecode.cpp.cpp; path = ViewController.cpp; sourceTree = "<group>"; };
		B98AEAEC1A08B8CA006F7A7A /* ViewController.h */ = {isa = PBXFileReference; fileEncoding = 4; lastKnownFileType = sourcecode.c.h; path = ViewController.h; sourceTree = "<group>"; };
		B98AEAEF1A08E514006F7A7A /* NNClassifier.cpp */ = {isa = PBXFileReference; fileEncoding = 4; lastKnownFileType = sourcecode.cpp.cpp; path = NNClassifier.cpp; sourceTree = "<group>"; };
		B98AEAF01A08E514006F7A7A /* NNClassifier.h */ = {isa = PBXFileReference; fileEncoding = 4; lastKnownFileType = sourcecode.c.h; path = NNClassifier.h; sourceTree = "<group>"; };
		B98AEAF21A0A02C3006F7A7A /* Detector.cpp */ = {isa = PBXFileReference; fileEncoding = 4; lastKnownFileType = sourcecode.cpp.cpp; path = Detector.cpp; sourceTree = "<group>"; };
		B98AEAF31A0A02C3006F7A7A /* Detector.h */ = {isa = PBXFileReference; fileEncoding = 4; lastKnownFileType = sourcecode.c.h; path = Detector.h; sourceTree = "<group>"; };
		B9E510801A088B950069B795 /* TLD */ = {isa = PBXFileReference; explicitFileType = "compiled.mach-o.executable"; includeInIndex = 0; path = TLD; sourceTree = BUILT_PRODUCTS_DIR; };
		B9E510831A088B950069B795 /* main.cpp */ = {isa = PBXFileReference; lastKnownFileType = sourcecode.cpp.cpp; path = main.cpp; sourceTree = "<group>"; };
		B9E5108A1A088FE10069B795 /* RandomFernsClassifier.cpp */ = {isa = PBXFileReference; fileEncoding = 4; lastKnownFileType = sourcecode.cpp.cpp; path = RandomFernsClassifier.cpp; sourceTree = "<group>"; };
		B9E5108B1A088FE10069B795 /* RandomFernsClassifier.h */ = {isa = PBXFileReference; fileEncoding = 4; lastKnownFileType = sourcecode.c.h; path = RandomFernsClassifier.h; sourceTree = "<group>"; };
		B9E5108D1A0891660069B795 /* libopencv_calib3d.2.4.9.dylib */ = {isa = PBXFileReference; lastKnownFileType = "compiled.mach-o.dylib"; name = libopencv_calib3d.2.4.9.dylib; path = /usr/local/Cellar/opencv/2.4.9/lib/libopencv_calib3d.2.4.9.dylib; sourceTree = "<absolute>"; };
		B9E5108E1A0891660069B795 /* libopencv_contrib.2.4.9.dylib */ = {isa = PBXFileReference; lastKnownFileType = "compiled.mach-o.dylib"; name = libopencv_contrib.2.4.9.dylib; path = /usr/local/Cellar/opencv/2.4.9/lib/libopencv_contrib.2.4.9.dylib; sourceTree = "<absolute>"; };
		B9E5108F1A0891660069B795 /* libopencv_core.2.4.9.dylib */ = {isa = PBXFileReference; lastKnownFileType = "compiled.mach-o.dylib"; name = libopencv_core.2.4.9.dylib; path = /usr/local/Cellar/opencv/2.4.9/lib/libopencv_core.2.4.9.dylib; sourceTree = "<absolute>"; };
		B9E510901A0891660069B795 /* libopencv_features2d.2.4.9.dylib */ = {isa = PBXFileReference; lastKnownFileType = "compiled.mach-o.dylib"; name = libopencv_features2d.2.4.9.dylib; path = /usr/local/Cellar/opencv/2.4.9/lib/libopencv_features2d.2.4.9.dylib; sourceTree = "<absolute>"; };
		B9E510911A0891660069B795 /* libopencv_flann.2.4.9.dylib */ = {isa = PBXFileReference; lastKnownFileType = "compiled.mach-o.dylib"; name = libopencv_flann.2.4.9.dylib; path = /usr/local/Cellar/opencv/2.4.9/lib/libopencv_flann.2.4.9.dylib; sourceTree = "<absolute>"; };
		B9E510921A0891660069B795 /* libopencv_gpu.2.4.9.dylib */ = {isa = PBXFileReference; lastKnownFileType = "compiled.mach-o.dylib"; name = libopencv_gpu.2.4.9.dylib; path = /usr/local/Cellar/opencv/2.4.9/lib/libopencv_gpu.2.4.9.dylib; sourceTree = "<absolute>"; };
		B9E510931A0891660069B795 /* libopencv_highgui.2.4.9.dylib */ = {isa = PBXFileReference; lastKnownFileType = "compiled.mach-o.dylib"; name = libopencv_highgui.2.4.9.dylib; path = /usr/local/Cellar/opencv/2.4.9/lib/libopencv_highgui.2.4.9.dylib; sourceTree = "<absolute>"; };
		B9E510941A0891660069B795 /* libopencv_imgproc.2.4.9.dylib */ = {isa = PBXFileReference; lastKnownFileType = "compiled.mach-o.dylib"; name = libopencv_imgproc.2.4.9.dylib; path = /usr/local/Cellar/opencv/2.4.9/lib/libopencv_imgproc.2.4.9.dylib; sourceTree = "<absolute>"; };
		B9E510951A0891660069B795 /* libopencv_legacy.2.4.9.dylib */ = {isa = PBXFileReference; lastKnownFileType = "compiled.mach-o.dylib"; name = libopencv_legacy.2.4.9.dylib; path = /usr/local/Cellar/opencv/2.4.9/lib/libopencv_legacy.2.4.9.dylib; sourceTree = "<absolute>"; };
		B9E510961A0891660069B795 /* libopencv_ml.2.4.9.dylib */ = {isa = PBXFileReference; lastKnownFileType = "compiled.mach-o.dylib"; name = libopencv_ml.2.4.9.dylib; path = /usr/local/Cellar/opencv/2.4.9/lib/libopencv_ml.2.4.9.dylib; sourceTree = "<absolute>"; };
		B9E510971A0891660069B795 /* libopencv_nonfree.2.4.9.dylib */ = {isa = PBXFileReference; lastKnownFileType = "compiled.mach-o.dylib"; name = libopencv_nonfree.2.4.9.dylib; path = /usr/local/Cellar/opencv/2.4.9/lib/libopencv_nonfree.2.4.9.dylib; sourceTree = "<absolute>"; };
		B9E510981A0891660069B795 /* libopencv_objdetect.2.4.9.dylib */ = {isa = PBXFileReference; lastKnownFileType = "compiled.mach-o.dylib"; name = libopencv_objdetect.2.4.9.dylib; path = /usr/local/Cellar/opencv/2.4.9/lib/libopencv_objdetect.2.4.9.dylib; sourceTree = "<absolute>"; };
		B9E510991A0891660069B795 /* libopencv_ocl.2.4.9.dylib */ = {isa = PBXFileReference; lastKnownFileType = "compiled.mach-o.dylib"; name = libopencv_ocl.2.4.9.dylib; path = /usr/local/Cellar/opencv/2.4.9/lib/libopencv_ocl.2.4.9.dylib; sourceTree = "<absolute>"; };
		B9E5109A1A0891660069B795 /* libopencv_photo.2.4.9.dylib */ = {isa = PBXFileReference; lastKnownFileType = "compiled.mach-o.dylib"; name = libopencv_photo.2.4.9.dylib; path = /usr/local/Cellar/opencv/2.4.9/lib/libopencv_photo.2.4.9.dylib; sourceTree = "<absolute>"; };
		B9E5109B1A0891660069B795 /* libopencv_stitching.2.4.9.dylib */ = {isa = PBXFileReference; lastKnownFileType = "compiled.mach-o.dylib"; name = libopencv_stitching.2.4.9.dylib; path = /usr/local/Cellar/opencv/2.4.9/lib/libopencv_stitching.2.4.9.dylib; sourceTree = "<absolute>"; };
		B9E5109C1A0891660069B795 /* libopencv_superres.2.4.9.dylib */ = {isa = PBXFileReference; lastKnownFileType = "compiled.mach-o.dylib"; name = libopencv_superres.2.4.9.dylib; path = /usr/local/Cellar/opencv/2.4.9/lib/libopencv_superres.2.4.9.dylib; sourceTree = "<absolute>"; };
		B9E5109D1A0891660069B795 /* libopencv_video.2.4.9.dylib */ = {isa = PBXFileReference; lastKnownFileType = "compiled.mach-o.dylib"; name = libopencv_video.2.4.9.dylib; path = /usr/local/Cellar/opencv/2.4.9/lib/libopencv_video.2.4.9.dylib; sourceTree = "<absolute>"; };
		B9E5109E1A0891660069B795 /* libopencv_videostab.2.4.9.dylib */ = {isa = PBXFileReference; lastKnownFileType = "compiled.mach-o.dylib"; name = libopencv_videostab.2.4.9.dylib; path = /usr/local/Cellar/opencv/2.4.9/lib/libopencv_videostab.2.4.9.dylib; sourceTree = "<absolute>"; };
/* End PBXFileReference section */

/* Begin PBXFrameworksBuildPhase section */
		B9E5107D1A088B950069B795 /* Frameworks */ = {
			isa = PBXFrameworksBuildPhase;
			buildActionMask = 2147483647;
			files = (
				B92B09E51BE3612300C250D9 /* libcurl.4.tbd in Frameworks */,
				B9E510A91A0891660069B795 /* libopencv_nonfree.2.4.9.dylib in Frameworks */,
				B9E510A11A0891660069B795 /* libopencv_core.2.4.9.dylib in Frameworks */,
				B9E510AF1A0891660069B795 /* libopencv_video.2.4.9.dylib in Frameworks */,
				B9E510A51A0891660069B795 /* libopencv_highgui.2.4.9.dylib in Frameworks */,
				B9E510AE1A0891660069B795 /* libopencv_superres.2.4.9.dylib in Frameworks */,
				B9E510AA1A0891660069B795 /* libopencv_objdetect.2.4.9.dylib in Frameworks */,
				B9E510A71A0891660069B795 /* libopencv_legacy.2.4.9.dylib in Frameworks */,
				B9E510A61A0891660069B795 /* libopencv_imgproc.2.4.9.dylib in Frameworks */,
				B9E510AB1A0891660069B795 /* libopencv_ocl.2.4.9.dylib in Frameworks */,
				B9E510A41A0891660069B795 /* libopencv_gpu.2.4.9.dylib in Frameworks */,
				B9E510A01A0891660069B795 /* libopencv_contrib.2.4.9.dylib in Frameworks */,
				B9E510AD1A0891660069B795 /* libopencv_stitching.2.4.9.dylib in Frameworks */,
				B9E510B01A0891660069B795 /* libopencv_videostab.2.4.9.dylib in Frameworks */,
				B9E510A21A0891660069B795 /* libopencv_features2d.2.4.9.dylib in Frameworks */,
				B9E510A81A0891660069B795 /* libopencv_ml.2.4.9.dylib in Frameworks */,
				B9E5109F1A0891660069B795 /* libopencv_calib3d.2.4.9.dylib in Frameworks */,
				B9E510A31A0891660069B795 /* libopencv_flann.2.4.9.dylib in Frameworks */,
				B9E510AC1A0891660069B795 /* libopencv_photo.2.4.9.dylib in Frameworks */,
			);
			runOnlyForDeploymentPostprocessing = 0;
		};
/* End PBXFrameworksBuildPhase section */

/* Begin PBXGroup section */
		B98256C51A0CF0A500FEDB94 /* Tracker */ = {
			isa = PBXGroup;
			children = (
				B98256BF1A0CF07800FEDB94 /* OpticalFlow.h */,
				B98256C01A0CF07800FEDB94 /* OpticalFlow.cpp */,
				B98256C11A0CF07800FEDB94 /* MedianFlow.h */,
				B98256C21A0CF07800FEDB94 /* MedianFlow.cpp */,
			);
			name = Tracker;
			path = TLD;
			sourceTree = "<group>";
		};
		B98256C61A0CF0AF00FEDB94 /* Detector */ = {
			isa = PBXGroup;
			children = (
				B9E5108A1A088FE10069B795 /* RandomFernsClassifier.cpp */,
				B9E5108B1A088FE10069B795 /* RandomFernsClassifier.h */,
				B98AEAEF1A08E514006F7A7A /* NNClassifier.cpp */,
				B98AEAF01A08E514006F7A7A /* NNClassifier.h */,
				B98AEAF21A0A02C3006F7A7A /* Detector.cpp */,
				B98AEAF31A0A02C3006F7A7A /* Detector.h */,
				B98256BC1A0BBADA00FEDB94 /* VarClassifier.cpp */,
				B98256BD1A0BBADA00FEDB94 /* VarClassifier.h */,
			);
			name = Detector;
			path = TLD;
			sourceTree = "<group>";
		};
		B98256C71A0CF0B600FEDB94 /* Learner */ = {
			isa = PBXGroup;
			children = (
				B98256CD1A0CF19E00FEDB94 /* Learner.cpp */,
				B98256CE1A0CF19E00FEDB94 /* Learner.h */,
			);
			name = Learner;
			path = TLD;
			sourceTree = "<group>";
		};
		B98256C81A0CF12600FEDB94 /* Utils */ = {
			isa = PBXGroup;
			children = (
				B98AEAE91A08B8CA006F7A7A /* VideoController.cpp */,
				B98AEAEA1A08B8CA006F7A7A /* VideoController.h */,
				B98AEAEB1A08B8CA006F7A7A /* ViewController.cpp */,
				B98AEAEC1A08B8CA006F7A7A /* ViewController.h */,
				B9032B3F1BA992D700708BD9 /* NetworkHandler.hpp */,
			);
			name = Utils;
			path = TLD;
			sourceTree = "<group>";
		};
		B9E510771A088B950069B795 = {
			isa = PBXGroup;
			children = (
				B92B09E41BE3612300C250D9 /* libcurl.4.tbd */,
				B98256C81A0CF12600FEDB94 /* Utils */,
				B98256C71A0CF0B600FEDB94 /* Learner */,
				B98256C61A0CF0AF00FEDB94 /* Detector */,
				B98256C51A0CF0A500FEDB94 /* Tracker */,
				B9E510821A088B950069B795 /* TLD */,
				B9E510811A088B950069B795 /* Products */,
				B9E510B11A0891750069B795 /* Library */,
			);
			sourceTree = "<group>";
		};
		B9E510811A088B950069B795 /* Products */ = {
			isa = PBXGroup;
			children = (
				B9E510801A088B950069B795 /* TLD */,
			);
			name = Products;
			sourceTree = "<group>";
		};
		B9E510821A088B950069B795 /* TLD */ = {
			isa = PBXGroup;
			children = (
				B98256D91A0E1B7100FEDB94 /* TLDSystemStruct.h */,
				B9E510831A088B950069B795 /* main.cpp */,
				B98256CA1A0CF18100FEDB94 /* TLD.cpp */,
				B98256CB1A0CF18100FEDB94 /* TLD.h */,
			);
			path = TLD;
			sourceTree = "<group>";
		};
		B9E510B11A0891750069B795 /* Library */ = {
			isa = PBXGroup;
			children = (
				B9032B3C1BA988F500708BD9 /* json.hpp */,
				B9E5108D1A0891660069B795 /* libopencv_calib3d.2.4.9.dylib */,
				B9E5108E1A0891660069B795 /* libopencv_contrib.2.4.9.dylib */,
				B9E5108F1A0891660069B795 /* libopencv_core.2.4.9.dylib */,
				B9E510901A0891660069B795 /* libopencv_features2d.2.4.9.dylib */,
				B9E510911A0891660069B795 /* libopencv_flann.2.4.9.dylib */,
				B9E510921A0891660069B795 /* libopencv_gpu.2.4.9.dylib */,
				B9E510931A0891660069B795 /* libopencv_highgui.2.4.9.dylib */,
				B9E510941A0891660069B795 /* libopencv_imgproc.2.4.9.dylib */,
				B9E510951A0891660069B795 /* libopencv_legacy.2.4.9.dylib */,
				B9E510961A0891660069B795 /* libopencv_ml.2.4.9.dylib */,
				B9E510971A0891660069B795 /* libopencv_nonfree.2.4.9.dylib */,
				B9E510981A0891660069B795 /* libopencv_objdetect.2.4.9.dylib */,
				B9E510991A0891660069B795 /* libopencv_ocl.2.4.9.dylib */,
				B9E5109A1A0891660069B795 /* libopencv_photo.2.4.9.dylib */,
				B9E5109B1A0891660069B795 /* libopencv_stitching.2.4.9.dylib */,
				B9E5109C1A0891660069B795 /* libopencv_superres.2.4.9.dylib */,
				B9E5109D1A0891660069B795 /* libopencv_video.2.4.9.dylib */,
				B9E5109E1A0891660069B795 /* libopencv_videostab.2.4.9.dylib */,
			);
			name = Library;
			sourceTree = "<group>";
		};
/* End PBXGroup section */

/* Begin PBXNativeTarget section */
		B9E5107F1A088B950069B795 /* TLD */ = {
			isa = PBXNativeTarget;
			buildConfigurationList = B9E510871A088B950069B795 /* Build configuration list for PBXNativeTarget "TLD" */;
			buildPhases = (
				B9E5107C1A088B950069B795 /* Sources */,
				B9E5107D1A088B950069B795 /* Frameworks */,
				B9E5107E1A088B950069B795 /* CopyFiles */,
			);
			buildRules = (
			);
			dependencies = (
			);
			name = TLD;
			productName = TLD;
			productReference = B9E510801A088B950069B795 /* TLD */;
			productType = "com.apple.product-type.tool";
		};
/* End PBXNativeTarget section */

/* Begin PBXProject section */
		B9E510781A088B950069B795 /* Project object */ = {
			isa = PBXProject;
			attributes = {
				LastUpgradeCheck = 0610;
				ORGANIZATIONNAME = Fudan;
				TargetAttributes = {
					B9E5107F1A088B950069B795 = {
						CreatedOnToolsVersion = 6.1;
					};
				};
			};
			buildConfigurationList = B9E5107B1A088B950069B795 /* Build configuration list for PBXProject "TLD" */;
			compatibilityVersion = "Xcode 3.2";
			developmentRegion = English;
			hasScannedForEncodings = 0;
			knownRegions = (
				en,
			);
			mainGroup = B9E510771A088B950069B795;
			productRefGroup = B9E510811A088B950069B795 /* Products */;
			projectDirPath = "";
			projectRoot = "";
			targets = (
				B9E5107F1A088B950069B795 /* TLD */,
			);
		};
/* End PBXProject section */

/* Begin PBXSourcesBuildPhase section */
		B9E5107C1A088B950069B795 /* Sources */ = {
			isa = PBXSourcesBuildPhase;
			buildActionMask = 2147483647;
			files = (
				B98256CF1A0CF19E00FEDB94 /* Learner.cpp in Sources */,
				B98AEAF11A08E514006F7A7A /* NNClassifier.cpp in Sources */,
				B98AEAF41A0A02C3006F7A7A /* Detector.cpp in Sources */,
				B98AEAED1A08B8CA006F7A7A /* VideoController.cpp in Sources */,
				B9E5108C1A088FE10069B795 /* RandomFernsClassifier.cpp in Sources */,
				B98256CC1A0CF18100FEDB94 /* TLD.cpp in Sources */,
				B98256C31A0CF07800FEDB94 /* OpticalFlow.cpp in Sources */,
				B98AEAEE1A08B8CA006F7A7A /* ViewController.cpp in Sources */,
				B9E510841A088B950069B795 /* main.cpp in Sources */,
				B98256BE1A0BBADA00FEDB94 /* VarClassifier.cpp in Sources */,
				B98256C41A0CF07800FEDB94 /* MedianFlow.cpp in Sources */,
			);
			runOnlyForDeploymentPostprocessing = 0;
		};
/* End PBXSourcesBuildPhase section */

/* Begin XCBuildConfiguration section */
		B9E510851A088B950069B795 /* Debug */ = {
			isa = XCBuildConfiguration;
			buildSettings = {
				ALWAYS_SEARCH_USER_PATHS = NO;
				CLANG_CXX_LANGUAGE_STANDARD = "gnu++0x";
				CLANG_CXX_LIBRARY = "libc++";
				CLANG_ENABLE_MODULES = YES;
				CLANG_ENABLE_OBJC_ARC = YES;
				CLANG_WARN_BOOL_CONVERSION = YES;
				CLANG_WARN_CONSTANT_CONVERSION = YES;
				CLANG_WARN_DIRECT_OBJC_ISA_USAGE = YES_ERROR;
				CLANG_WARN_EMPTY_BODY = YES;
				CLANG_WARN_ENUM_CONVERSION = YES;
				CLANG_WARN_INT_CONVERSION = YES;
				CLANG_WARN_OBJC_ROOT_CLASS = YES_ERROR;
				CLANG_WARN_UNREACHABLE_CODE = YES;
				CLANG_WARN__DUPLICATE_METHOD_MATCH = YES;
				COPY_PHASE_STRIP = NO;
				ENABLE_STRICT_OBJC_MSGSEND = YES;
				GCC_C_LANGUAGE_STANDARD = gnu99;
				GCC_DYNAMIC_NO_PIC = NO;
				GCC_OPTIMIZATION_LEVEL = 0;
				GCC_PREPROCESSOR_DEFINITIONS = (
					"DEBUG=1",
					"$(inherited)",
				);
				GCC_SYMBOLS_PRIVATE_EXTERN = NO;
				GCC_WARN_64_TO_32_BIT_CONVERSION = YES;
				GCC_WARN_ABOUT_RETURN_TYPE = YES_ERROR;
				GCC_WARN_UNDECLARED_SELECTOR = YES;
				GCC_WARN_UNINITIALIZED_AUTOS = YES_AGGRESSIVE;
				GCC_WARN_UNUSED_FUNCTION = YES;
				GCC_WARN_UNUSED_VARIABLE = YES;
				MACOSX_DEPLOYMENT_TARGET = 10.10;
				MTL_ENABLE_DEBUG_INFO = YES;
				ONLY_ACTIVE_ARCH = YES;
				SDKROOT = macosx;
			};
			name = Debug;
		};
		B9E510861A088B950069B795 /* Release */ = {
			isa = XCBuildConfiguration;
			buildSettings = {
				ALWAYS_SEARCH_USER_PATHS = NO;
				CLANG_CXX_LANGUAGE_STANDARD = "gnu++0x";
				CLANG_CXX_LIBRARY = "libc++";
				CLANG_ENABLE_MODULES = YES;
				CLANG_ENABLE_OBJC_ARC = YES;
				CLANG_WARN_BOOL_CONVERSION = YES;
				CLANG_WARN_CONSTANT_CONVERSION = YES;
				CLANG_WARN_DIRECT_OBJC_ISA_USAGE = YES_ERROR;
				CLANG_WARN_EMPTY_BODY = YES;
				CLANG_WARN_ENUM_CONVERSION = YES;
				CLANG_WARN_INT_CONVERSION = YES;
				CLANG_WARN_OBJC_ROOT_CLASS = YES_ERROR;
				CLANG_WARN_UNREACHABLE_CODE = YES;
				CLANG_WARN__DUPLICATE_METHOD_MATCH = YES;
				COPY_PHASE_STRIP = YES;
				DEBUG_INFORMATION_FORMAT = "dwarf-with-dsym";
				ENABLE_NS_ASSERTIONS = NO;
				ENABLE_STRICT_OBJC_MSGSEND = YES;
				GCC_C_LANGUAGE_STANDARD = gnu99;
				GCC_WARN_64_TO_32_BIT_CONVERSION = YES;
				GCC_WARN_ABOUT_RETURN_TYPE = YES_ERROR;
				GCC_WARN_UNDECLARED_SELECTOR = YES;
				GCC_WARN_UNINITIALIZED_AUTOS = YES_AGGRESSIVE;
				GCC_WARN_UNUSED_FUNCTION = YES;
				GCC_WARN_UNUSED_VARIABLE = YES;
				MACOSX_DEPLOYMENT_TARGET = 10.10;
				MTL_ENABLE_DEBUG_INFO = NO;
				SDKROOT = macosx;
			};
			name = Release;
		};
		B9E510881A088B950069B795 /* Debug */ = {
			isa = XCBuildConfiguration;
			buildSettings = {
				HEADER_SEARCH_PATHS = (
					"$(inherited)",
					/usr/local/include,
					/Applications/Xcode.app/Contents/Developer/Toolchains/XcodeDefault.xctoolchain/usr/include,
				);
				LIBRARY_SEARCH_PATHS = /usr/local/Cellar/opencv/2.4.9/lib;
				ONLY_ACTIVE_ARCH = YES;
				PRODUCT_NAME = "$(TARGET_NAME)";
			};
			name = Debug;
		};
		B9E510891A088B950069B795 /* Release */ = {
			isa = XCBuildConfiguration;
			buildSettings = {
				HEADER_SEARCH_PATHS = (
					"$(inherited)",
					/usr/local/include,
					/Applications/Xcode.app/Contents/Developer/Toolchains/XcodeDefault.xctoolchain/usr/include,
				);
				LIBRARY_SEARCH_PATHS = /usr/local/Cellar/opencv/2.4.9/lib;
				ONLY_ACTIVE_ARCH = NO;
				PRODUCT_NAME = "$(TARGET_NAME)";
			};
			name = Release;
		};
/* End XCBuildConfiguration section */

/* Begin XCConfigurationList section */
		B9E5107B1A088B950069B795 /* Build configuration list for PBXProject "TLD" */ = {
			isa = XCConfigurationList;
			buildConfigurations = (
				B9E510851A088B950069B795 /* Debug */,
				B9E510861A088B950069B795 /* Release */,
			);
			defaultConfigurationIsVisible = 0;
			defaultConfigurationName = Release;
		};
		B9E510871A088B950069B795 /* Build configuration list for PBXNativeTarget "TLD" */ = {
			isa = XCConfigurationList;
			buildConfigurations = (
				B9E510881A088B950069B795 /* Debug */,
				B9E510891A088B950069B795 /* Release */,
			);
			defaultConfigurationIsVisible = 0;
			defaultConfigurationName = Release;
		};
/* End XCConfigurationList section */
	};
	rootObject = B9E510781A088B950069B795 /* Project object */;
}
